
Microsoft Visual Studio Solution File, Format Version 12.00
# Visual Studio Version 17
VisualStudioVersion = 17.13.35825.156 d17.13
MinimumVisualStudioVersion = 10.0.40219.1
Project("{FAE04EC0-301F-11D3-BF4B-00C04F79EFBC}") = "BlueArchiveAssetConvert", "BlueArchiveAssetConvert.csproj", "{BF6221B4-F4D2-41ED-9EFE-35FB31763B3E}"
EndProject
Global
	GlobalSection(SolutionConfigurationPlatforms) = preSolution
		Debug|Any CPU = Debug|Any CPU
		Release|Any CPU = Release|Any CPU
	EndGlobalSection
	GlobalSection(ProjectConfigurationPlatforms) = postSolution
		{BF6221B4-F4D2-41ED-9EFE-35FB31763B3E}.Debug|Any CPU.ActiveCfg = Debug|Any CPU
		{BF6221B4-F4D2-41ED-9EFE-35FB31763B3E}.Debug|Any CPU.Build.0 = Debug|Any CPU
		{BF6221B4-F4D2-41ED-9EFE-35FB31763B3E}.Release|Any CPU.ActiveCfg = Release|Any CPU
		{BF6221B4-F4D2-41ED-9EFE-35FB31763B3E}.Release|Any CPU.Build.0 = Release|Any CPU
	EndGlobalSection
	GlobalSection(SolutionProperties) = preSolution
		HideSolutionNode = FALSE
	EndGlobalSection
	GlobalSection(ExtensibilityGlobals) = postSolution
		SolutionGuid = {06527F44-1F2A-41F7-BBEE-8E8B7894D4B8}
	EndGlobalSection
EndGlobal
